// !$*UTF8*$!
{
	archiveVersion = 1;
	classes = {
	};
	objectVersion = 56;
	objects = {

/* Begin PBXBuildFile section */
		22083C6A2A32B67D004B66C5 /* FruitCardView.swift in Sources */ = {isa = PBXBuildFile; fileRef = 22083C692A32B67D004B66C5 /* FruitCardView.swift */; };
		22083C6C2A32BBF6004B66C5 /* StartButtonView.swift in Sources */ = {isa = PBXBuildFile; fileRef = 22083C6B2A32BBF6004B66C5 /* StartButtonView.swift */; };
		22083C6E2A33CF03004B66C5 /* OnboardingView.swift in Sources */ = {isa = PBXBuildFile; fileRef = 22083C6D2A33CF03004B66C5 /* OnboardingView.swift */; };
		22083C712A33DB15004B66C5 /* FruitsModel.swift in Sources */ = {isa = PBXBuildFile; fileRef = 22083C702A33DB15004B66C5 /* FruitsModel.swift */; };
		22083C742A33DC56004B66C5 /* FruitData.swift in Sources */ = {isa = PBXBuildFile; fileRef = 22083C732A33DC56004B66C5 /* FruitData.swift */; };
		22083C762A33E731004B66C5 /* FruitRowView.swift in Sources */ = {isa = PBXBuildFile; fileRef = 22083C752A33E731004B66C5 /* FruitRowView.swift */; };
		22083C782A3620F0004B66C5 /* FruitDetailView.swift in Sources */ = {isa = PBXBuildFile; fileRef = 22083C772A3620F0004B66C5 /* FruitDetailView.swift */; };
		22083C7A2A362658004B66C5 /* FruitHeaderView.swift in Sources */ = {isa = PBXBuildFile; fileRef = 22083C792A362658004B66C5 /* FruitHeaderView.swift */; };
		22083C7C2A363008004B66C5 /* SourceLinkView.swift in Sources */ = {isa = PBXBuildFile; fileRef = 22083C7B2A363008004B66C5 /* SourceLinkView.swift */; };
		22083C7E2A36325F004B66C5 /* FruitsNutrientsView.swift in Sources */ = {isa = PBXBuildFile; fileRef = 22083C7D2A36325F004B66C5 /* FruitsNutrientsView.swift */; };
		22083C802A364112004B66C5 /* SettingsView.swift in Sources */ = {isa = PBXBuildFile; fileRef = 22083C7F2A364112004B66C5 /* SettingsView.swift */; };
		22083C822A3645CF004B66C5 /* SettingsLabelView.swift in Sources */ = {isa = PBXBuildFile; fileRef = 22083C812A3645CF004B66C5 /* SettingsLabelView.swift */; };
		22A9DC8729F579E20034BD87 /* FruitsApp.swift in Sources */ = {isa = PBXBuildFile; fileRef = 22A9DC8629F579E20034BD87 /* FruitsApp.swift */; };
		22A9DC8929F579E20034BD87 /* ContentView.swift in Sources */ = {isa = PBXBuildFile; fileRef = 22A9DC8829F579E20034BD87 /* ContentView.swift */; };
		22A9DC8B29F579E30034BD87 /* Assets.xcassets in Resources */ = {isa = PBXBuildFile; fileRef = 22A9DC8A29F579E30034BD87 /* Assets.xcassets */; };
		22A9DC8E29F579E30034BD87 /* Preview Assets.xcassets in Resources */ = {isa = PBXBuildFile; fileRef = 22A9DC8D29F579E30034BD87 /* Preview Assets.xcassets */; };
		22A9DC9829F579E30034BD87 /* FruitsTests.swift in Sources */ = {isa = PBXBuildFile; fileRef = 22A9DC9729F579E30034BD87 /* FruitsTests.swift */; };
		22A9DCA229F579E40034BD87 /* FruitsUITests.swift in Sources */ = {isa = PBXBuildFile; fileRef = 22A9DCA129F579E40034BD87 /* FruitsUITests.swift */; };
		22A9DCA429F579E40034BD87 /* FruitsUITestsLaunchTests.swift in Sources */ = {isa = PBXBuildFile; fileRef = 22A9DCA329F579E40034BD87 /* FruitsUITestsLaunchTests.swift */; };
/* End PBXBuildFile section */

/* Begin PBXContainerItemProxy section */
		22A9DC9429F579E30034BD87 /* PBXContainerItemProxy */ = {
			isa = PBXContainerItemProxy;
			containerPortal = 22A9DC7B29F579E20034BD87 /* Project object */;
			proxyType = 1;
			remoteGlobalIDString = 22A9DC8229F579E20034BD87;
			remoteInfo = Fruits;
		};
		22A9DC9E29F579E30034BD87 /* PBXContainerItemProxy */ = {
			isa = PBXContainerItemProxy;
			containerPortal = 22A9DC7B29F579E20034BD87 /* Project object */;
			proxyType = 1;
			remoteGlobalIDString = 22A9DC8229F579E20034BD87;
			remoteInfo = Fruits;
		};
/* End PBXContainerItemProxy section */

/* Begin PBXFileReference section */
		22083C692A32B67D004B66C5 /* FruitCardView.swift */ = {isa = PBXFileReference; lastKnownFileType = sourcecode.swift; path = FruitCardView.swift; sourceTree = "<group>"; };
		22083C6B2A32BBF6004B66C5 /* StartButtonView.swift */ = {isa = PBXFileReference; lastKnownFileType = sourcecode.swift; path = StartButtonView.swift; sourceTree = "<group>"; };
		22083C6D2A33CF03004B66C5 /* OnboardingView.swift */ = {isa = PBXFileReference; lastKnownFileType = sourcecode.swift; path = OnboardingView.swift; sourceTree = "<group>"; };
		22083C702A33DB15004B66C5 /* FruitsModel.swift */ = {isa = PBXFileReference; lastKnownFileType = sourcecode.swift; path = FruitsModel.swift; sourceTree = "<group>"; };
		22083C732A33DC56004B66C5 /* FruitData.swift */ = {isa = PBXFileReference; lastKnownFileType = sourcecode.swift; path = FruitData.swift; sourceTree = "<group>"; };
		22083C752A33E731004B66C5 /* FruitRowView.swift */ = {isa = PBXFileReference; lastKnownFileType = sourcecode.swift; path = FruitRowView.swift; sourceTree = "<group>"; };
		22083C772A3620F0004B66C5 /* FruitDetailView.swift */ = {isa = PBXFileReference; lastKnownFileType = sourcecode.swift; path = FruitDetailView.swift; sourceTree = "<group>"; };
		22083C792A362658004B66C5 /* FruitHeaderView.swift */ = {isa = PBXFileReference; lastKnownFileType = sourcecode.swift; path = FruitHeaderView.swift; sourceTree = "<group>"; };
		22083C7B2A363008004B66C5 /* SourceLinkView.swift */ = {isa = PBXFileReference; lastKnownFileType = sourcecode.swift; path = SourceLinkView.swift; sourceTree = "<group>"; };
		22083C7D2A36325F004B66C5 /* FruitsNutrientsView.swift */ = {isa = PBXFileReference; lastKnownFileType = sourcecode.swift; path = FruitsNutrientsView.swift; sourceTree = "<group>"; };
		22083C7F2A364112004B66C5 /* SettingsView.swift */ = {isa = PBXFileReference; lastKnownFileType = sourcecode.swift; path = SettingsView.swift; sourceTree = "<group>"; };
		22083C812A3645CF004B66C5 /* SettingsLabelView.swift */ = {isa = PBXFileReference; lastKnownFileType = sourcecode.swift; path = SettingsLabelView.swift; sourceTree = "<group>"; };
		22A9DC8329F579E20034BD87 /* Fruits.app */ = {isa = PBXFileReference; explicitFileType = wrapper.application; includeInIndex = 0; path = Fruits.app; sourceTree = BUILT_PRODUCTS_DIR; };
		22A9DC8629F579E20034BD87 /* FruitsApp.swift */ = {isa = PBXFileReference; lastKnownFileType = sourcecode.swift; path = FruitsApp.swift; sourceTree = "<group>"; };
		22A9DC8829F579E20034BD87 /* ContentView.swift */ = {isa = PBXFileReference; lastKnownFileType = sourcecode.swift; path = ContentView.swift; sourceTree = "<group>"; };
		22A9DC8A29F579E30034BD87 /* Assets.xcassets */ = {isa = PBXFileReference; lastKnownFileType = folder.assetcatalog; path = Assets.xcassets; sourceTree = "<group>"; };
		22A9DC8D29F579E30034BD87 /* Preview Assets.xcassets */ = {isa = PBXFileReference; lastKnownFileType = folder.assetcatalog; path = "Preview Assets.xcassets"; sourceTree = "<group>"; };
		22A9DC9329F579E30034BD87 /* FruitsTests.xctest */ = {isa = PBXFileReference; explicitFileType = wrapper.cfbundle; includeInIndex = 0; path = FruitsTests.xctest; sourceTree = BUILT_PRODUCTS_DIR; };
		22A9DC9729F579E30034BD87 /* FruitsTests.swift */ = {isa = PBXFileReference; lastKnownFileType = sourcecode.swift; path = FruitsTests.swift; sourceTree = "<group>"; };
		22A9DC9D29F579E30034BD87 /* FruitsUITests.xctest */ = {isa = PBXFileReference; explicitFileType = wrapper.cfbundle; includeInIndex = 0; path = FruitsUITests.xctest; sourceTree = BUILT_PRODUCTS_DIR; };
		22A9DCA129F579E40034BD87 /* FruitsUITests.swift */ = {isa = PBXFileReference; lastKnownFileType = sourcecode.swift; path = FruitsUITests.swift; sourceTree = "<group>"; };
		22A9DCA329F579E40034BD87 /* FruitsUITestsLaunchTests.swift */ = {isa = PBXFileReference; lastKnownFileType = sourcecode.swift; path = FruitsUITestsLaunchTests.swift; sourceTree = "<group>"; };
/* End PBXFileReference section */

/* Begin PBXFrameworksBuildPhase section */
		22A9DC8029F579E20034BD87 /* Frameworks */ = {
			isa = PBXFrameworksBuildPhase;
			buildActionMask = 2147483647;
			files = (
			);
			runOnlyForDeploymentPostprocessing = 0;
		};
		22A9DC9029F579E30034BD87 /* Frameworks */ = {
			isa = PBXFrameworksBuildPhase;
			buildActionMask = 2147483647;
			files = (
			);
			runOnlyForDeploymentPostprocessing = 0;
		};
		22A9DC9A29F579E30034BD87 /* Frameworks */ = {
			isa = PBXFrameworksBuildPhase;
			buildActionMask = 2147483647;
			files = (
			);
			runOnlyForDeploymentPostprocessing = 0;
		};
/* End PBXFrameworksBuildPhase section */

/* Begin PBXGroup section */
		22083C672A32B60F004B66C5 /* App */ = {
			isa = PBXGroup;
			children = (
				22A9DC8629F579E20034BD87 /* FruitsApp.swift */,
				22A9DC8829F579E20034BD87 /* ContentView.swift */,
				22083C6D2A33CF03004B66C5 /* OnboardingView.swift */,
				22083C772A3620F0004B66C5 /* FruitDetailView.swift */,
				22083C792A362658004B66C5 /* FruitHeaderView.swift */,
				22083C7F2A364112004B66C5 /* SettingsView.swift */,
			);
			path = App;
			sourceTree = "<group>";
		};
		22083C682A32B64F004B66C5 /* View */ = {
			isa = PBXGroup;
			children = (
				22083C692A32B67D004B66C5 /* FruitCardView.swift */,
				22083C6B2A32BBF6004B66C5 /* StartButtonView.swift */,
				22083C752A33E731004B66C5 /* FruitRowView.swift */,
				22083C7B2A363008004B66C5 /* SourceLinkView.swift */,
				22083C7D2A36325F004B66C5 /* FruitsNutrientsView.swift */,
				22083C812A3645CF004B66C5 /* SettingsLabelView.swift */,
			);
			path = View;
			sourceTree = "<group>";
		};
		22083C6F2A33DAFC004B66C5 /* Model */ = {
			isa = PBXGroup;
			children = (
				22083C702A33DB15004B66C5 /* FruitsModel.swift */,
			);
			path = Model;
			sourceTree = "<group>";
		};
		22083C722A33DC3E004B66C5 /* Data */ = {
			isa = PBXGroup;
			children = (
				22083C732A33DC56004B66C5 /* FruitData.swift */,
			);
			path = Data;
			sourceTree = "<group>";
		};
		22A9DC7A29F579E20034BD87 = {
			isa = PBXGroup;
			children = (
				22A9DC8529F579E20034BD87 /* Fruits */,
				22A9DC9629F579E30034BD87 /* FruitsTests */,
				22A9DCA029F579E30034BD87 /* FruitsUITests */,
				22A9DC8429F579E20034BD87 /* Products */,
			);
			sourceTree = "<group>";
		};
		22A9DC8429F579E20034BD87 /* Products */ = {
			isa = PBXGroup;
			children = (
				22A9DC8329F579E20034BD87 /* Fruits.app */,
				22A9DC9329F579E30034BD87 /* FruitsTests.xctest */,
				22A9DC9D29F579E30034BD87 /* FruitsUITests.xctest */,
			);
			name = Products;
			sourceTree = "<group>";
		};
		22A9DC8529F579E20034BD87 /* Fruits */ = {
			isa = PBXGroup;
			children = (
				22083C722A33DC3E004B66C5 /* Data */,
				22083C6F2A33DAFC004B66C5 /* Model */,
				22083C682A32B64F004B66C5 /* View */,
				22083C672A32B60F004B66C5 /* App */,
				22A9DC8A29F579E30034BD87 /* Assets.xcassets */,
				22A9DC8C29F579E30034BD87 /* Preview Content */,
			);
			path = Fruits;
			sourceTree = "<group>";
		};
		22A9DC8C29F579E30034BD87 /* Preview Content */ = {
			isa = PBXGroup;
			children = (
				22A9DC8D29F579E30034BD87 /* Preview Assets.xcassets */,
			);
			path = "Preview Content";
			sourceTree = "<group>";
		};
		22A9DC9629F579E30034BD87 /* FruitsTests */ = {
			isa = PBXGroup;
			children = (
				22A9DC9729F579E30034BD87 /* FruitsTests.swift */,
			);
			path = FruitsTests;
			sourceTree = "<group>";
		};
		22A9DCA029F579E30034BD87 /* FruitsUITests */ = {
			isa = PBXGroup;
			children = (
				22A9DCA129F579E40034BD87 /* FruitsUITests.swift */,
				22A9DCA329F579E40034BD87 /* FruitsUITestsLaunchTests.swift */,
			);
			path = FruitsUITests;
			sourceTree = "<group>";
		};
/* End PBXGroup section */

/* Begin PBXNativeTarget section */
		22A9DC8229F579E20034BD87 /* Fruits */ = {
			isa = PBXNativeTarget;
			buildConfigurationList = 22A9DCA729F579E40034BD87 /* Build configuration list for PBXNativeTarget "Fruits" */;
			buildPhases = (
				22A9DC7F29F579E20034BD87 /* Sources */,
				22A9DC8029F579E20034BD87 /* Frameworks */,
				22A9DC8129F579E20034BD87 /* Resources */,
			);
			buildRules = (
			);
			dependencies = (
			);
			name = Fruits;
			productName = Fruits;
			productReference = 22A9DC8329F579E20034BD87 /* Fruits.app */;
			productType = "com.apple.product-type.application";
		};
		22A9DC9229F579E30034BD87 /* FruitsTests */ = {
			isa = PBXNativeTarget;
			buildConfigurationList = 22A9DCAA29F579E40034BD87 /* Build configuration list for PBXNativeTarget "FruitsTests" */;
			buildPhases = (
				22A9DC8F29F579E30034BD87 /* Sources */,
				22A9DC9029F579E30034BD87 /* Frameworks */,
				22A9DC9129F579E30034BD87 /* Resources */,
			);
			buildRules = (
			);
			dependencies = (
				22A9DC9529F579E30034BD87 /* PBXTargetDependency */,
			);
			name = FruitsTests;
			productName = FruitsTests;
			productReference = 22A9DC9329F579E30034BD87 /* FruitsTests.xctest */;
			productType = "com.apple.product-type.bundle.unit-test";
		};
		22A9DC9C29F579E30034BD87 /* FruitsUITests */ = {
			isa = PBXNativeTarget;
			buildConfigurationList = 22A9DCAD29F579E40034BD87 /* Build configuration list for PBXNativeTarget "FruitsUITests" */;
			buildPhases = (
				22A9DC9929F579E30034BD87 /* Sources */,
				22A9DC9A29F579E30034BD87 /* Frameworks */,
				22A9DC9B29F579E30034BD87 /* Resources */,
			);
			buildRules = (
			);
			dependencies = (
				22A9DC9F29F579E30034BD87 /* PBXTargetDependency */,
			);
			name = FruitsUITests;
			productName = FruitsUITests;
			productReference = 22A9DC9D29F579E30034BD87 /* FruitsUITests.xctest */;
			productType = "com.apple.product-type.bundle.ui-testing";
		};
/* End PBXNativeTarget section */

/* Begin PBXProject section */
		22A9DC7B29F579E20034BD87 /* Project object */ = {
			isa = PBXProject;
			attributes = {
				BuildIndependentTargetsInParallel = 1;
				LastSwiftUpdateCheck = 1430;
				LastUpgradeCheck = 1430;
				TargetAttributes = {
					22A9DC8229F579E20034BD87 = {
						CreatedOnToolsVersion = 14.3;
					};
					22A9DC9229F579E30034BD87 = {
						CreatedOnToolsVersion = 14.3;
						TestTargetID = 22A9DC8229F579E20034BD87;
					};
					22A9DC9C29F579E30034BD87 = {
						CreatedOnToolsVersion = 14.3;
						TestTargetID = 22A9DC8229F579E20034BD87;
					};
				};
			};
			buildConfigurationList = 22A9DC7E29F579E20034BD87 /* Build configuration list for PBXProject "Fruits" */;
			compatibilityVersion = "Xcode 14.0";
			developmentRegion = en;
			hasScannedForEncodings = 0;
			knownRegions = (
				en,
				Base,
			);
			mainGroup = 22A9DC7A29F579E20034BD87;
			productRefGroup = 22A9DC8429F579E20034BD87 /* Products */;
			projectDirPath = "";
			projectRoot = "";
			targets = (
				22A9DC8229F579E20034BD87 /* Fruits */,
				22A9DC9229F579E30034BD87 /* FruitsTests */,
				22A9DC9C29F579E30034BD87 /* FruitsUITests */,
			);
		};
/* End PBXProject section */

/* Begin PBXResourcesBuildPhase section */
		22A9DC8129F579E20034BD87 /* Resources */ = {
			isa = PBXResourcesBuildPhase;
			buildActionMask = 2147483647;
			files = (
				22A9DC8E29F579E30034BD87 /* Preview Assets.xcassets in Resources */,
				22A9DC8B29F579E30034BD87 /* Assets.xcassets in Resources */,
			);
			runOnlyForDeploymentPostprocessing = 0;
		};
		22A9DC9129F579E30034BD87 /* Resources */ = {
			isa = PBXResourcesBuildPhase;
			buildActionMask = 2147483647;
			files = (
			);
			runOnlyForDeploymentPostprocessing = 0;
		};
		22A9DC9B29F579E30034BD87 /* Resources */ = {
			isa = PBXResourcesBuildPhase;
			buildActionMask = 2147483647;
			files = (
			);
			runOnlyForDeploymentPostprocessing = 0;
		};
/* End PBXResourcesBuildPhase section */

/* Begin PBXSourcesBuildPhase section */
		22A9DC7F29F579E20034BD87 /* Sources */ = {
			isa = PBXSourcesBuildPhase;
			buildActionMask = 2147483647;
			files = (
				22083C742A33DC56004B66C5 /* FruitData.swift in Sources */,
				22083C7C2A363008004B66C5 /* SourceLinkView.swift in Sources */,
				22083C6A2A32B67D004B66C5 /* FruitCardView.swift in Sources */,
				22083C762A33E731004B66C5 /* FruitRowView.swift in Sources */,
				22083C6C2A32BBF6004B66C5 /* StartButtonView.swift in Sources */,
				22083C782A3620F0004B66C5 /* FruitDetailView.swift in Sources */,
				22083C712A33DB15004B66C5 /* FruitsModel.swift in Sources */,
				22083C7A2A362658004B66C5 /* FruitHeaderView.swift in Sources */,
				22083C7E2A36325F004B66C5 /* FruitsNutrientsView.swift in Sources */,
				22A9DC8929F579E20034BD87 /* ContentView.swift in Sources */,
				22083C822A3645CF004B66C5 /* SettingsLabelView.swift in Sources */,
				22083C6E2A33CF03004B66C5 /* OnboardingView.swift in Sources */,
				22A9DC8729F579E20034BD87 /* FruitsApp.swift in Sources */,
				22083C802A364112004B66C5 /* SettingsView.swift in Sources */,
			);
			runOnlyForDeploymentPostprocessing = 0;
		};
		22A9DC8F29F579E30034BD87 /* Sources */ = {
			isa = PBXSourcesBuildPhase;
			buildActionMask = 2147483647;
			files = (
				22A9DC9829F579E30034BD87 /* FruitsTests.swift in Sources */,
			);
			runOnlyForDeploymentPostprocessing = 0;
		};
		22A9DC9929F579E30034BD87 /* Sources */ = {
			isa = PBXSourcesBuildPhase;
			buildActionMask = 2147483647;
			files = (
				22A9DCA229F579E40034BD87 /* FruitsUITests.swift in Sources */,
				22A9DCA429F579E40034BD87 /* FruitsUITestsLaunchTests.swift in Sources */,
			);
			runOnlyForDeploymentPostprocessing = 0;
		};
/* End PBXSourcesBuildPhase section */

/* Begin PBXTargetDependency section */
		22A9DC9529F579E30034BD87 /* PBXTargetDependency */ = {
			isa = PBXTargetDependency;
			target = 22A9DC8229F579E20034BD87 /* Fruits */;
			targetProxy = 22A9DC9429F579E30034BD87 /* PBXContainerItemProxy */;
		};
		22A9DC9F29F579E30034BD87 /* PBXTargetDependency */ = {
			isa = PBXTargetDependency;
			target = 22A9DC8229F579E20034BD87 /* Fruits */;
			targetProxy = 22A9DC9E29F579E30034BD87 /* PBXContainerItemProxy */;
		};
/* End PBXTargetDependency section */

/* Begin XCBuildConfiguration section */
		22A9DCA529F579E40034BD87 /* Debug */ = {
			isa = XCBuildConfiguration;
			buildSettings = {
				ALWAYS_SEARCH_USER_PATHS = NO;
				CLANG_ANALYZER_NONNULL = YES;
				CLANG_ANALYZER_NUMBER_OBJECT_CONVERSION = YES_AGGRESSIVE;
				CLANG_CXX_LANGUAGE_STANDARD = "gnu++20";
				CLANG_ENABLE_MODULES = YES;
				CLANG_ENABLE_OBJC_ARC = YES;
				CLANG_ENABLE_OBJC_WEAK = YES;
				CLANG_WARN_BLOCK_CAPTURE_AUTORELEASING = YES;
				CLANG_WARN_BOOL_CONVERSION = YES;
				CLANG_WARN_COMMA = YES;
				CLANG_WARN_CONSTANT_CONVERSION = YES;
				CLANG_WARN_DEPRECATED_OBJC_IMPLEMENTATIONS = YES;
				CLANG_WARN_DIRECT_OBJC_ISA_USAGE = YES_ERROR;
				CLANG_WARN_DOCUMENTATION_COMMENTS = YES;
				CLANG_WARN_EMPTY_BODY = YES;
				CLANG_WARN_ENUM_CONVERSION = YES;
				CLANG_WARN_INFINITE_RECURSION = YES;
				CLANG_WARN_INT_CONVERSION = YES;
				CLANG_WARN_NON_LITERAL_NULL_CONVERSION = YES;
				CLANG_WARN_OBJC_IMPLICIT_RETAIN_SELF = YES;
				CLANG_WARN_OBJC_LITERAL_CONVERSION = YES;
				CLANG_WARN_OBJC_ROOT_CLASS = YES_ERROR;
				CLANG_WARN_QUOTED_INCLUDE_IN_FRAMEWORK_HEADER = YES;
				CLANG_WARN_RANGE_LOOP_ANALYSIS = YES;
				CLANG_WARN_STRICT_PROTOTYPES = YES;
				CLANG_WARN_SUSPICIOUS_MOVE = YES;
				CLANG_WARN_UNGUARDED_AVAILABILITY = YES_AGGRESSIVE;
				CLANG_WARN_UNREACHABLE_CODE = YES;
				CLANG_WARN__DUPLICATE_METHOD_MATCH = YES;
				COPY_PHASE_STRIP = NO;
				DEBUG_INFORMATION_FORMAT = dwarf;
				ENABLE_STRICT_OBJC_MSGSEND = YES;
				ENABLE_TESTABILITY = YES;
				GCC_C_LANGUAGE_STANDARD = gnu11;
				GCC_DYNAMIC_NO_PIC = NO;
				GCC_NO_COMMON_BLOCKS = YES;
				GCC_OPTIMIZATION_LEVEL = 0;
				GCC_PREPROCESSOR_DEFINITIONS = (
					"DEBUG=1",
					"$(inherited)",
				);
				GCC_WARN_64_TO_32_BIT_CONVERSION = YES;
				GCC_WARN_ABOUT_RETURN_TYPE = YES_ERROR;
				GCC_WARN_UNDECLARED_SELECTOR = YES;
				GCC_WARN_UNINITIALIZED_AUTOS = YES_AGGRESSIVE;
				GCC_WARN_UNUSED_FUNCTION = YES;
				GCC_WARN_UNUSED_VARIABLE = YES;
				IPHONEOS_DEPLOYMENT_TARGET = 16.4;
				MTL_ENABLE_DEBUG_INFO = INCLUDE_SOURCE;
				MTL_FAST_MATH = YES;
				ONLY_ACTIVE_ARCH = YES;
				SDKROOT = iphoneos;
				SWIFT_ACTIVE_COMPILATION_CONDITIONS = DEBUG;
				SWIFT_OPTIMIZATION_LEVEL = "-Onone";
			};
			name = Debug;
		};
		22A9DCA629F579E40034BD87 /* Release */ = {
			isa = XCBuildConfiguration;
			buildSettings = {
				ALWAYS_SEARCH_USER_PATHS = NO;
				CLANG_ANALYZER_NONNULL = YES;
				CLANG_ANALYZER_NUMBER_OBJECT_CONVERSION = YES_AGGRESSIVE;
				CLANG_CXX_LANGUAGE_STANDARD = "gnu++20";
				CLANG_ENABLE_MODULES = YES;
				CLANG_ENABLE_OBJC_ARC = YES;
				CLANG_ENABLE_OBJC_WEAK = YES;
				CLANG_WARN_BLOCK_CAPTURE_AUTORELEASING = YES;
				CLANG_WARN_BOOL_CONVERSION = YES;
				CLANG_WARN_COMMA = YES;
				CLANG_WARN_CONSTANT_CONVERSION = YES;
				CLANG_WARN_DEPRECATED_OBJC_IMPLEMENTATIONS = YES;
				CLANG_WARN_DIRECT_OBJC_ISA_USAGE = YES_ERROR;
				CLANG_WARN_DOCUMENTATION_COMMENTS = YES;
				CLANG_WARN_EMPTY_BODY = YES;
				CLANG_WARN_ENUM_CONVERSION = YES;
				CLANG_WARN_INFINITE_RECURSION = YES;
				CLANG_WARN_INT_CONVERSION = YES;
				CLANG_WARN_NON_LITERAL_NULL_CONVERSION = YES;
				CLANG_WARN_OBJC_IMPLICIT_RETAIN_SELF = YES;
				CLANG_WARN_OBJC_LITERAL_CONVERSION = YES;
				CLANG_WARN_OBJC_ROOT_CLASS = YES_ERROR;
				CLANG_WARN_QUOTED_INCLUDE_IN_FRAMEWORK_HEADER = YES;
				CLANG_WARN_RANGE_LOOP_ANALYSIS = YES;
				CLANG_WARN_STRICT_PROTOTYPES = YES;
				CLANG_WARN_SUSPICIOUS_MOVE = YES;
				CLANG_WARN_UNGUARDED_AVAILABILITY = YES_AGGRESSIVE;
				CLANG_WARN_UNREACHABLE_CODE = YES;
				CLANG_WARN__DUPLICATE_METHOD_MATCH = YES;
				COPY_PHASE_STRIP = NO;
				DEBUG_INFORMATION_FORMAT = "dwarf-with-dsym";
				ENABLE_NS_ASSERTIONS = NO;
				ENABLE_STRICT_OBJC_MSGSEND = YES;
				GCC_C_LANGUAGE_STANDARD = gnu11;
				GCC_NO_COMMON_BLOCKS = YES;
				GCC_WARN_64_TO_32_BIT_CONVERSION = YES;
				GCC_WARN_ABOUT_RETURN_TYPE = YES_ERROR;
				GCC_WARN_UNDECLARED_SELECTOR = YES;
				GCC_WARN_UNINITIALIZED_AUTOS = YES_AGGRESSIVE;
				GCC_WARN_UNUSED_FUNCTION = YES;
				GCC_WARN_UNUSED_VARIABLE = YES;
				IPHONEOS_DEPLOYMENT_TARGET = 16.4;
				MTL_ENABLE_DEBUG_INFO = NO;
				MTL_FAST_MATH = YES;
				SDKROOT = iphoneos;
				SWIFT_COMPILATION_MODE = wholemodule;
				SWIFT_OPTIMIZATION_LEVEL = "-O";
				VALIDATE_PRODUCT = YES;
			};
			name = Release;
		};
		22A9DCA829F579E40034BD87 /* Debug */ = {
			isa = XCBuildConfiguration;
			buildSettings = {
				ASSETCATALOG_COMPILER_APPICON_NAME = AppIcon;
				ASSETCATALOG_COMPILER_GLOBAL_ACCENT_COLOR_NAME = AccentColor;
				CODE_SIGN_STYLE = Automatic;
				CURRENT_PROJECT_VERSION = 1;
				DEVELOPMENT_ASSET_PATHS = "\"Fruits/Preview Content\"";
				ENABLE_PREVIEWS = YES;
				GENERATE_INFOPLIST_FILE = YES;
				INFOPLIST_KEY_UIApplicationSceneManifest_Generation = YES;
				INFOPLIST_KEY_UIApplicationSupportsIndirectInputEvents = YES;
				INFOPLIST_KEY_UILaunchScreen_Generation = YES;
				INFOPLIST_KEY_UISupportedInterfaceOrientations_iPad = "UIInterfaceOrientationPortrait UIInterfaceOrientationPortraitUpsideDown UIInterfaceOrientationLandscapeLeft UIInterfaceOrientationLandscapeRight";
				INFOPLIST_KEY_UISupportedInterfaceOrientations_iPhone = "UIInterfaceOrientationPortrait UIInterfaceOrientationLandscapeLeft UIInterfaceOrientationLandscapeRight";
				LD_RUNPATH_SEARCH_PATHS = (
					"$(inherited)",
					"@executable_path/Frameworks",
				);
				MARKETING_VERSION = 1.0;
				PRODUCT_BUNDLE_IDENTIFIER = TestRun.Fruits;
				PRODUCT_NAME = "$(TARGET_NAME)";
				SWIFT_EMIT_LOC_STRINGS = YES;
				SWIFT_VERSION = 5.0;
				TARGETED_DEVICE_FAMILY = "1,2";
			};
			name = Debug;
		};
		22A9DCA929F579E40034BD87 /* Release */ = {
			isa = XCBuildConfiguration;
			buildSettings = {
				ASSETCATALOG_COMPILER_APPICON_NAME = AppIcon;
				ASSETCATALOG_COMPILER_GLOBAL_ACCENT_COLOR_NAME = AccentColor;
				CODE_SIGN_STYLE = Automatic;
				CURRENT_PROJECT_VERSION = 1;
				DEVELOPMENT_ASSET_PATHS = "\"Fruits/Preview Content\"";
				ENABLE_PREVIEWS = YES;
				GENERATE_INFOPLIST_FILE = YES;
				INFOPLIST_KEY_UIApplicationSceneManifest_Generation = YES;
				INFOPLIST_KEY_UIApplicationSupportsIndirectInputEvents = YES;
				INFOPLIST_KEY_UILaunchScreen_Generation = YES;
				INFOPLIST_KEY_UISupportedInterfaceOrientations_iPad = "UIInterfaceOrientationPortrait UIInterfaceOrientationPortraitUpsideDown UIInterfaceOrientationLandscapeLeft UIInterfaceOrientationLandscapeRight";
				INFOPLIST_KEY_UISupportedInterfaceOrientations_iPhone = "UIInterfaceOrientationPortrait UIInterfaceOrientationLandscapeLeft UIInterfaceOrientationLandscapeRight";
				LD_RUNPATH_SEARCH_PATHS = (
					"$(inherited)",
					"@executable_path/Frameworks",
				);
				MARKETING_VERSION = 1.0;
				PRODUCT_BUNDLE_IDENTIFIER = TestRun.Fruits;
				PRODUCT_NAME = "$(TARGET_NAME)";
				SWIFT_EMIT_LOC_STRINGS = YES;
				SWIFT_VERSION = 5.0;
				TARGETED_DEVICE_FAMILY = "1,2";
			};
			name = Release;
		};
		22A9DCAB29F579E40034BD87 /* Debug */ = {
			isa = XCBuildConfiguration;
			buildSettings = {
				ALWAYS_EMBED_SWIFT_STANDARD_LIBRARIES = YES;
				BUNDLE_LOADER = "$(TEST_HOST)";
				CODE_SIGN_STYLE = Automatic;
				CURRENT_PROJECT_VERSION = 1;
				GENERATE_INFOPLIST_FILE = YES;
				IPHONEOS_DEPLOYMENT_TARGET = 16.4;
				MARKETING_VERSION = 1.0;
				PRODUCT_BUNDLE_IDENTIFIER = TestRun.FruitsTests;
				PRODUCT_NAME = "$(TARGET_NAME)";
				SWIFT_EMIT_LOC_STRINGS = NO;
				SWIFT_VERSION = 5.0;
				TARGETED_DEVICE_FAMILY = "1,2";
				TEST_HOST = "$(BUILT_PRODUCTS_DIR)/Fruits.app/$(BUNDLE_EXECUTABLE_FOLDER_PATH)/Fruits";
			};
			name = Debug;
		};
		22A9DCAC29F579E40034BD87 /* Release */ = {
			isa = XCBuildConfiguration;
			buildSettings = {
				ALWAYS_EMBED_SWIFT_STANDARD_LIBRARIES = YES;
				BUNDLE_LOADER = "$(TEST_HOST)";
				CODE_SIGN_STYLE = Automatic;
				CURRENT_PROJECT_VERSION = 1;
				GENERATE_INFOPLIST_FILE = YES;
				IPHONEOS_DEPLOYMENT_TARGET = 16.4;
				MARKETING_VERSION = 1.0;
				PRODUCT_BUNDLE_IDENTIFIER = TestRun.FruitsTests;
				PRODUCT_NAME = "$(TARGET_NAME)";
				SWIFT_EMIT_LOC_STRINGS = NO;
				SWIFT_VERSION = 5.0;
				TARGETED_DEVICE_FAMILY = "1,2";
				TEST_HOST = "$(BUILT_PRODUCTS_DIR)/Fruits.app/$(BUNDLE_EXECUTABLE_FOLDER_PATH)/Fruits";
			};
			name = Release;
		};
		22A9DCAE29F579E40034BD87 /* Debug */ = {
			isa = XCBuildConfiguration;
			buildSettings = {
				ALWAYS_EMBED_SWIFT_STANDARD_LIBRARIES = YES;
				CODE_SIGN_STYLE = Automatic;
				CURRENT_PROJECT_VERSION = 1;
				GENERATE_INFOPLIST_FILE = YES;
				MARKETING_VERSION = 1.0;
				PRODUCT_BUNDLE_IDENTIFIER = TestRun.FruitsUITests;
				PRODUCT_NAME = "$(TARGET_NAME)";
				SWIFT_EMIT_LOC_STRINGS = NO;
				SWIFT_VERSION = 5.0;
				TARGETED_DEVICE_FAMILY = "1,2";
				TEST_TARGET_NAME = Fruits;
			};
			name = Debug;
		};
		22A9DCAF29F579E40034BD87 /* Release */ = {
			isa = XCBuildConfiguration;
			buildSettings = {
				ALWAYS_EMBED_SWIFT_STANDARD_LIBRARIES = YES;
				CODE_SIGN_STYLE = Automatic;
				CURRENT_PROJECT_VERSION = 1;
				GENERATE_INFOPLIST_FILE = YES;
				MARKETING_VERSION = 1.0;
				PRODUCT_BUNDLE_IDENTIFIER = TestRun.FruitsUITests;
				PRODUCT_NAME = "$(TARGET_NAME)";
				SWIFT_EMIT_LOC_STRINGS = NO;
				SWIFT_VERSION = 5.0;
				TARGETED_DEVICE_FAMILY = "1,2";
				TEST_TARGET_NAME = Fruits;
			};
			name = Release;
		};
/* End XCBuildConfiguration section */

/* Begin XCConfigurationList section */
		22A9DC7E29F579E20034BD87 /* Build configuration list for PBXProject "Fruits" */ = {
			isa = XCConfigurationList;
			buildConfigurations = (
				22A9DCA529F579E40034BD87 /* Debug */,
				22A9DCA629F579E40034BD87 /* Release */,
			);
			defaultConfigurationIsVisible = 0;
			defaultConfigurationName = Release;
		};
		22A9DCA729F579E40034BD87 /* Build configuration list for PBXNativeTarget "Fruits" */ = {
			isa = XCConfigurationList;
			buildConfigurations = (
				22A9DCA829F579E40034BD87 /* Debug */,
				22A9DCA929F579E40034BD87 /* Release */,
			);
			defaultConfigurationIsVisible = 0;
			defaultConfigurationName = Release;
		};
		22A9DCAA29F579E40034BD87 /* Build configuration list for PBXNativeTarget "FruitsTests" */ = {
			isa = XCConfigurationList;
			buildConfigurations = (
				22A9DCAB29F579E40034BD87 /* Debug */,
				22A9DCAC29F579E40034BD87 /* Release */,
			);
			defaultConfigurationIsVisible = 0;
			defaultConfigurationName = Release;
		};
		22A9DCAD29F579E40034BD87 /* Build configuration list for PBXNativeTarget "FruitsUITests" */ = {
			isa = XCConfigurationList;
			buildConfigurations = (
				22A9DCAE29F579E40034BD87 /* Debug */,
				22A9DCAF29F579E40034BD87 /* Release */,
			);
			defaultConfigurationIsVisible = 0;
			defaultConfigurationName = Release;
		};
/* End XCConfigurationList section */
	};
	rootObject = 22A9DC7B29F579E20034BD87 /* Project object */;
}
